PODS:
  - XZQSMSSendButtonTool (0.1.0)

DEPENDENCIES:
  - XZQSMSSendButtonTool (from `../`)

EXTERNAL SOURCES:
  XZQSMSSendButtonTool:
    :path: "../"

SPEC CHECKSUMS:
  XZQSMSSendButtonTool: 4241229da506a2d10c77ecd63bdb24c87d172e32

PODFILE CHECKSUM: f20f2ad3d4e23bdf829f9971c8247118786f3390

COCOAPODS: 1.9.1
